
Microsoft Visual Studio Solution File, Format Version 12.00
# Visual Studio Version 17
VisualStudioVersion = 17.4.33403.182
MinimumVisualStudioVersion = 10.0.40219.1
Project("{9A19103F-16F7-4668-BE54-9A1E7A4F7556}") = "FinalSuspect", "FinalSuspect\FinalSuspect.csproj", "{BB32D6D5-7915-496C-933A-A2632C78918F}"
EndProject
Global
	GlobalSection(SolutionConfigurationPlatforms) = preSolution
        Debug|Windows = Debug|Windows
		OpenBeta|Windows = OpenBeta|Windows
		Release|Windows = Release|Windows
		Debug|Android = Debug|Android
		OpenBeta|Android = OpenBeta|Android
		Release|Android = Release|Android

	EndGlobalSection
	GlobalSection(ProjectConfigurationPlatforms) = postSolution
		{BB32D6D5-7915-496C-933A-A2632C78918F}.OpenBeta|Windows.ActiveCfg = OpenBeta|Windows
		{BB32D6D5-7915-496C-933A-A2632C78918F}.OpenBeta|Windows.Build.0 = OpenBeta|Windows
		{BB32D6D5-7915-496C-933A-A2632C78918F}.Release|Windows.ActiveCfg = Release|Windows
		{BB32D6D5-7915-496C-933A-A2632C78918F}.Release|Windows.Build.0 = Release|Windows
		{BB32D6D5-7915-496C-933A-A2632C78918F}.Release|Android.ActiveCfg = Release|Android
		{BB32D6D5-7915-496C-933A-A2632C78918F}.Release|Android.Build.0 = Release|Android
		{BB32D6D5-7915-496C-933A-A2632C78918F}.Debug|Android.ActiveCfg = Debug|Android
		{BB32D6D5-7915-496C-933A-A2632C78918F}.Debug|Android.Build.0 = Debug|Android
		{BB32D6D5-7915-496C-933A-A2632C78918F}.Debug|Windows.ActiveCfg = Debug|Windows
		{BB32D6D5-7915-496C-933A-A2632C78918F}.Debug|Windows.Build.0 = Debug|Windows
		{BB32D6D5-7915-496C-933A-A2632C78918F}.OpenBeta|Android.ActiveCfg = OpenBeta|Android
		{BB32D6D5-7915-496C-933A-A2632C78918F}.OpenBeta|Android.Build.0 = OpenBeta|Android
	EndGlobalSection
	GlobalSection(SolutionProperties) = preSolution
		HideSolutionNode = FALSE
	EndGlobalSection
	GlobalSection(ExtensibilityGlobals) = postSolution
		SolutionGuid = {E968AE10-42DB-42A3-AF64-6753110729A2}
	EndGlobalSection
EndGlobal
